# Multi-architecture manifest digests resolved from publisher registries on 2026-08-08.
postgres=postgres:18.4@sha256:a02db8cac496f15b094798a38254f14d6e00741f709360e5e00bb6668ea31636
keycloak=quay.io/keycloak/keycloak:26.7.0@sha256:0f198be292568439d700cdbfb893e69a6009bb43a94a06a945b1d3d506c76b13
redpanda=redpandadata/redpanda:v25.2.7@sha256:f8473678d20fef8f432c25238334ede220cd65db0cff2c8d5481989a11669970
minio=minio/minio:RELEASE.2025-07-23T15-54-02Z@sha256:d249d1fb6966de4d8ad26c04754b545205ff15a62e4fd19ebd0f26fa5baacbc0
otel=otel/opentelemetry-collector-contrib:0.136.0@sha256:45392d534c1edcc809c2d112394029246bc679d2ae5ea7081414a1fc74f2c621
prometheus=prom/prometheus:v3.6.0@sha256:76947e7ef22f8a698fc638f706685909be425dbe09bd7a2cd7aca849f79b5f64
grafana=grafana/grafana:12.2.0@sha256:74144189b38447facf737dfd0f3906e42e0776212bf575dc3334c3609183adf7
tempo=grafana/tempo:2.8.2@sha256:0ef775495967cd5d7a6b2e146b6ea695d624803c8db8349fb8ce4164f719f9b7
loki=grafana/loki:3.5.5@sha256:31628519045e7f28692a7ae73b4a3fd293dccb425585ed5d16ceea3b5c9592e6
node=node:22.19.0-bookworm-slim@sha256:4a4884e8a44826194dff92ba316264f392056cbe243dcc9fd3551e71cea02b90
maven=maven:3.9.11-eclipse-temurin-21@sha256:6fdc855a6ed81d288ca7ca37ac6ff5e9308b612485c0801d70b25a858c83d237
java=eclipse-temurin:21.0.9_10-jre-ubi9-minimal@sha256:c1b7e5c0761cb6fd6006dbde0e4476610e957c716a81d0f89a31295b998e036e
nginx=nginx:1.29.2-alpine@sha256:61e01287e546aac28a3f56839c136b31f590273f3b41187a36f46f6a03bbfe22
python=python:3.12.12-slim-bookworm@sha256:593bd06efe90efa80dc4eee3948be7c0fde4134606dd40d8dd8dbcade98e669c
